
Microsoft Visual Studio Solution File, Format Version 12.00
# Visual Studio Version 17
VisualStudioVersion = 17.0.31903.59
MinimumVisualStudioVersion = 10.0.40219.1
Project("{FAE04EC0-301F-11D3-BF4B-00C04F79EFBC}") = "FoxyOverlay.Core", "FoxyOverlay.Core\FoxyOverlay.Core.csproj", "{E06B4163-DF9B-46BD-8262-C47E81C99E6A}"
EndProject
Project("{FAE04EC0-301F-11D3-BF4B-00C04F79EFBC}") = "FoxyOverlay.Services", "FoxyOverlay.Services\FoxyOverlay.Services.csproj", "{A3FBEDBE-ACF7-489D-B251-6AF05AFBB915}"
EndProject
Project("{FAE04EC0-301F-11D3-BF4B-00C04F79EFBC}") = "FoxyOverlay.Media", "FoxyOverlay.Media\FoxyOverlay.Media.csproj", "{16CE8550-0336-40D2-B5FE-3DEFF37C53C0}"
EndProject
Project("{FAE04EC0-301F-11D3-BF4B-00C04F79EFBC}") = "FoxyOverlay.Core.UnitTests", "FoxyOverlay.Core.UnitTests\FoxyOverlay.Core.UnitTests.csproj", "{7CCAA53E-2FB2-4A37-B752-F8420AC6E927}"
EndProject
Project("{FAE04EC0-301F-11D3-BF4B-00C04F79EFBC}") = "FoxyOverlay.Services.UnitTests", "FoxyOverlay.Services.UnitTests\FoxyOverlay.Services.UnitTests.csproj", "{B29B3F42-2568-4BD0-A595-D2872382DC59}"
EndProject
Global
	GlobalSection(SolutionConfigurationPlatforms) = preSolution
		Debug|Any CPU = Debug|Any CPU
		Release|Any CPU = Release|Any CPU
	EndGlobalSection
	GlobalSection(SolutionProperties) = preSolution
		HideSolutionNode = FALSE
	EndGlobalSection
	GlobalSection(ProjectConfigurationPlatforms) = postSolution
		{E06B4163-DF9B-46BD-8262-C47E81C99E6A}.Debug|Any CPU.ActiveCfg = Debug|Any CPU
		{E06B4163-DF9B-46BD-8262-C47E81C99E6A}.Debug|Any CPU.Build.0 = Debug|Any CPU
		{E06B4163-DF9B-46BD-8262-C47E81C99E6A}.Release|Any CPU.ActiveCfg = Release|Any CPU
		{E06B4163-DF9B-46BD-8262-C47E81C99E6A}.Release|Any CPU.Build.0 = Release|Any CPU
		{A3FBEDBE-ACF7-489D-B251-6AF05AFBB915}.Debug|Any CPU.ActiveCfg = Debug|Any CPU
		{A3FBEDBE-ACF7-489D-B251-6AF05AFBB915}.Debug|Any CPU.Build.0 = Debug|Any CPU
		{A3FBEDBE-ACF7-489D-B251-6AF05AFBB915}.Release|Any CPU.ActiveCfg = Release|Any CPU
		{A3FBEDBE-ACF7-489D-B251-6AF05AFBB915}.Release|Any CPU.Build.0 = Release|Any CPU
		{16CE8550-0336-40D2-B5FE-3DEFF37C53C0}.Debug|Any CPU.ActiveCfg = Debug|Any CPU
		{16CE8550-0336-40D2-B5FE-3DEFF37C53C0}.Debug|Any CPU.Build.0 = Debug|Any CPU
		{16CE8550-0336-40D2-B5FE-3DEFF37C53C0}.Release|Any CPU.ActiveCfg = Release|Any CPU
		{16CE8550-0336-40D2-B5FE-3DEFF37C53C0}.Release|Any CPU.Build.0 = Release|Any CPU
		{7CCAA53E-2FB2-4A37-B752-F8420AC6E927}.Debug|Any CPU.ActiveCfg = Debug|Any CPU
		{7CCAA53E-2FB2-4A37-B752-F8420AC6E927}.Debug|Any CPU.Build.0 = Debug|Any CPU
		{7CCAA53E-2FB2-4A37-B752-F8420AC6E927}.Release|Any CPU.ActiveCfg = Release|Any CPU
		{7CCAA53E-2FB2-4A37-B752-F8420AC6E927}.Release|Any CPU.Build.0 = Release|Any CPU
		{B29B3F42-2568-4BD0-A595-D2872382DC59}.Debug|Any CPU.ActiveCfg = Debug|Any CPU
		{B29B3F42-2568-4BD0-A595-D2872382DC59}.Debug|Any CPU.Build.0 = Debug|Any CPU
		{B29B3F42-2568-4BD0-A595-D2872382DC59}.Release|Any CPU.ActiveCfg = Release|Any CPU
		{B29B3F42-2568-4BD0-A595-D2872382DC59}.Release|Any CPU.Build.0 = Release|Any CPU
	EndGlobalSection
EndGlobal
