
Microsoft Visual Studio Solution File, Format Version 12.00
# Visual Studio Version 17
VisualStudioVersion = 17.0.31903.59
MinimumVisualStudioVersion = 10.0.40219.1
Project("{FAE04EC0-301F-11D3-BF4B-00C04F79EFBC}") = "FoxyOverlay.Core", "FoxyOverlay.Core\FoxyOverlay.Core.csproj", "{881566BD-1AAF-4806-80DF-102542992BA1}"
EndProject
Project("{FAE04EC0-301F-11D3-BF4B-00C04F79EFBC}") = "FoxyOverlay.Services", "FoxyOverlay.Services\FoxyOverlay.Services.csproj", "{FB462B39-EA60-4A2E-8543-5CB6E7D9F78C}"
EndProject
Project("{FAE04EC0-301F-11D3-BF4B-00C04F79EFBC}") = "FoxyOverlay.UI", "FoxyOverlay.UI\FoxyOverlay.UI.csproj", "{DDFDC175-ED72-47C4-8460-CFF15E6D156D}"
EndProject
Project("{FAE04EC0-301F-11D3-BF4B-00C04F79EFBC}") = "FoxyOverlay.Core.UnitTests", "FoxyOverlay.Core.UnitTests\FoxyOverlay.Core.UnitTests.csproj", "{C033D72A-6DAE-46AB-AE97-54942E75EB04}"
EndProject
Project("{FAE04EC0-301F-11D3-BF4B-00C04F79EFBC}") = "FoxyOverlay.Services.UnitTests", "FoxyOverlay.Services.UnitTests\FoxyOverlay.Services.UnitTests.csproj", "{CB66E96C-7856-4A2B-A609-8E4FCA2B7DCE}"
EndProject
Project("{FAE04EC0-301F-11D3-BF4B-00C04F79EFBC}") = "FoxyOverlay.Media", "FoxyOverlay.Media\FoxyOverlay.Media.csproj", "{284325C6-01DA-44F8-94F6-D2C05E18F643}"
EndProject
Project("{FAE04EC0-301F-11D3-BF4B-00C04F79EFBC}") = "FoxyOverlay.Media.UnitTests", "FoxyOverlay.Media.UnitTests\FoxyOverlay.Media.UnitTests.csproj", "{3BFA09F1-B1C4-4D3A-93EE-A0A0060296AF}"
EndProject
Global
	GlobalSection(SolutionConfigurationPlatforms) = preSolution
		Debug|Any CPU = Debug|Any CPU
		Release|Any CPU = Release|Any CPU
	EndGlobalSection
	GlobalSection(SolutionProperties) = preSolution
		HideSolutionNode = FALSE
	EndGlobalSection
	GlobalSection(ProjectConfigurationPlatforms) = postSolution
		{881566BD-1AAF-4806-80DF-102542992BA1}.Debug|Any CPU.ActiveCfg = Debug|Any CPU
		{881566BD-1AAF-4806-80DF-102542992BA1}.Debug|Any CPU.Build.0 = Debug|Any CPU
		{881566BD-1AAF-4806-80DF-102542992BA1}.Release|Any CPU.ActiveCfg = Release|Any CPU
		{881566BD-1AAF-4806-80DF-102542992BA1}.Release|Any CPU.Build.0 = Release|Any CPU
		{FB462B39-EA60-4A2E-8543-5CB6E7D9F78C}.Debug|Any CPU.ActiveCfg = Debug|Any CPU
		{FB462B39-EA60-4A2E-8543-5CB6E7D9F78C}.Debug|Any CPU.Build.0 = Debug|Any CPU
		{FB462B39-EA60-4A2E-8543-5CB6E7D9F78C}.Release|Any CPU.ActiveCfg = Release|Any CPU
		{FB462B39-EA60-4A2E-8543-5CB6E7D9F78C}.Release|Any CPU.Build.0 = Release|Any CPU
		{DDFDC175-ED72-47C4-8460-CFF15E6D156D}.Debug|Any CPU.ActiveCfg = Debug|Any CPU
		{DDFDC175-ED72-47C4-8460-CFF15E6D156D}.Debug|Any CPU.Build.0 = Debug|Any CPU
		{DDFDC175-ED72-47C4-8460-CFF15E6D156D}.Release|Any CPU.ActiveCfg = Release|Any CPU
		{DDFDC175-ED72-47C4-8460-CFF15E6D156D}.Release|Any CPU.Build.0 = Release|Any CPU
		{C033D72A-6DAE-46AB-AE97-54942E75EB04}.Debug|Any CPU.ActiveCfg = Debug|Any CPU
		{C033D72A-6DAE-46AB-AE97-54942E75EB04}.Debug|Any CPU.Build.0 = Debug|Any CPU
		{C033D72A-6DAE-46AB-AE97-54942E75EB04}.Release|Any CPU.ActiveCfg = Release|Any CPU
		{C033D72A-6DAE-46AB-AE97-54942E75EB04}.Release|Any CPU.Build.0 = Release|Any CPU
		{CB66E96C-7856-4A2B-A609-8E4FCA2B7DCE}.Debug|Any CPU.ActiveCfg = Debug|Any CPU
		{CB66E96C-7856-4A2B-A609-8E4FCA2B7DCE}.Debug|Any CPU.Build.0 = Debug|Any CPU
		{CB66E96C-7856-4A2B-A609-8E4FCA2B7DCE}.Release|Any CPU.ActiveCfg = Release|Any CPU
		{CB66E96C-7856-4A2B-A609-8E4FCA2B7DCE}.Release|Any CPU.Build.0 = Release|Any CPU
		{284325C6-01DA-44F8-94F6-D2C05E18F643}.Debug|Any CPU.ActiveCfg = Debug|Any CPU
		{284325C6-01DA-44F8-94F6-D2C05E18F643}.Debug|Any CPU.Build.0 = Debug|Any CPU
		{284325C6-01DA-44F8-94F6-D2C05E18F643}.Release|Any CPU.ActiveCfg = Release|Any CPU
		{284325C6-01DA-44F8-94F6-D2C05E18F643}.Release|Any CPU.Build.0 = Release|Any CPU
		{3BFA09F1-B1C4-4D3A-93EE-A0A0060296AF}.Debug|Any CPU.ActiveCfg = Debug|Any CPU
		{3BFA09F1-B1C4-4D3A-93EE-A0A0060296AF}.Debug|Any CPU.Build.0 = Debug|Any CPU
		{3BFA09F1-B1C4-4D3A-93EE-A0A0060296AF}.Release|Any CPU.ActiveCfg = Release|Any CPU
		{3BFA09F1-B1C4-4D3A-93EE-A0A0060296AF}.Release|Any CPU.Build.0 = Release|Any CPU
	EndGlobalSection
EndGlobal
